
Microsoft Visual Studio Solution File, Format Version 12.00
# Visual Studio Version 16
VisualStudioVersion = 25.0.1700.4
MinimumVisualStudioVersion = 10.0.40219.1
Project("{FAE04EC0-301F-11D3-BF4B-00C04F79EFBC}") = "Selection_Statements_Exercise", "Selection_Statements_Exercise\Selection_Statements_Exercise.csproj", "{D6B10E70-3467-48D0-B209-62E185FAC0A5}"
EndProject
Global
	GlobalSection(SolutionConfigurationPlatforms) = preSolution
		Debug|Any CPU = Debug|Any CPU
		Release|Any CPU = Release|Any CPU
	EndGlobalSection
	GlobalSection(ProjectConfigurationPlatforms) = postSolution
		{D6B10E70-3467-48D0-B209-62E185FAC0A5}.Debug|Any CPU.ActiveCfg = Debug|Any CPU
		{D6B10E70-3467-48D0-B209-62E185FAC0A5}.Debug|Any CPU.Build.0 = Debug|Any CPU
		{D6B10E70-3467-48D0-B209-62E185FAC0A5}.Release|Any CPU.ActiveCfg = Release|Any CPU
		{D6B10E70-3467-48D0-B209-62E185FAC0A5}.Release|Any CPU.Build.0 = Release|Any CPU
	EndGlobalSection
	GlobalSection(SolutionProperties) = preSolution
		HideSolutionNode = FALSE
	EndGlobalSection
	GlobalSection(ExtensibilityGlobals) = postSolution
		SolutionGuid = {F606F2FB-E003-4A28-A142-3889644CE8B2}
	EndGlobalSection
EndGlobal
